{
  "name": "yttdfr-tools",
  "version": "1.0.0",
  "lockfileVersion": 3,
  "requires": true,
  "packages": {
    "": {
      "name": "yttdfr-tools",
      "version": "1.0.0",
      "license": "MIT",
      "dependencies": {
        "lz-string": "^1.5.0",
        "rpgmaker-mv-crypt": "^0.1.1"
      },
      "devDependencies": {
        "@types/node": "^20.6.0"
      }
    },
    "node_modules/@types/node": {
      "version": "20.6.0",
      "resolved": "https://registry.npmjs.org/@types/node/-/node-20.6.0.tgz",
      "integrity": "sha512-najjVq5KN2vsH2U/xyh2opaSEz6cZMR2SetLIlxlj08nOcmPOemJmUK2o4kUzfLqfrWE0PIrNeE16XhYDd3nqg==",
      "dev": true
    },
    "node_modules/lz-string": {
      "version": "1.5.0",
      "resolved": "https://registry.npmjs.org/lz-string/-/lz-string-1.5.0.tgz",
      "integrity": "sha512-h5bgJWpxJNswbU7qCrV0tIKQCaS3blPDrqKWx+QxzuzL1zGUzij9XCWLrSLsJPu5t+eWA/ycetzYAO5IOMcWAQ==",
      "bin": {
        "lz-string": "bin/bin.js"
      }
    },
    "node_modules/rpgmaker-mv-crypt": {
      "version": "0.1.1",
      "resolved": "https://registry.npmjs.org/rpgmaker-mv-crypt/-/rpgmaker-mv-crypt-0.1.1.tgz",
      "integrity": "sha512-WkDX/8G5f6nqCYQPipSSqZNBDKwpYUwPAlWNln8+NYVx4Nysoa0vC14NwzikruzG9pdAYMgEEPOFn/6GJS2C0A=="
    }
  }
}
