{
  "name": "yttdfr-tools",
  "version": "1.0.0",
  "lockfileVersion": 3,
  "requires": true,
  "packages": {
    "": {
      "name": "yttdfr-tools",
      "version": "1.0.0",
      "license": "MIT",
      "dependencies": {
        "commander": "^12.1.0",
        "jsondiffpatch": "^0.6.0",
        "lz-string": "^1.5.0",
        "rpgmaker-mv-crypt": "^0.1.1"
      },
      "devDependencies": {
        "@types/node": "^20.6.0"
      }
    },
    "node_modules/@types/diff-match-patch": {
      "version": "1.0.36",
      "resolved": "https://registry.npmjs.org/@types/diff-match-patch/-/diff-match-patch-1.0.36.tgz",
      "integrity": "sha512-xFdR6tkm0MWvBfO8xXCSsinYxHcqkQUlcHeSpMC2ukzOb6lwQAfDmW+Qt0AvlGd8HpsS28qKsB+oPeJn9I39jg==",
      "license": "MIT"
    },
    "node_modules/@types/node": {
      "version": "20.19.39",
      "resolved": "https://registry.npmjs.org/@types/node/-/node-20.19.39.tgz",
      "integrity": "sha512-orrrD74MBUyK8jOAD/r0+lfa1I2MO6I+vAkmAWzMYbCcgrN4lCrmK52gRFQq/JRxfYPfonkr4b0jcY7Olqdqbw==",
      "dev": true,
      "license": "MIT",
      "dependencies": {
        "undici-types": "~6.21.0"
      }
    },
    "node_modules/commander": {
      "version": "12.1.0",
      "resolved": "https://registry.npmjs.org/commander/-/commander-12.1.0.tgz",
      "integrity": "sha512-Vw8qHK3bZM9y/P10u3Vib8o/DdkvA2OtPtZvD871QKjy74Wj1WSKFILMPRPSdUSx5RFK1arlJzEtA4PkFgnbuA==",
      "license": "MIT",
      "engines": {
        "node": ">=18"
      }
    },
    "node_modules/diff-match-patch": {
      "version": "1.0.5",
      "resolved": "https://registry.npmjs.org/diff-match-patch/-/diff-match-patch-1.0.5.tgz",
      "integrity": "sha512-IayShXAgj/QMXgB0IWmKx+rOPuGMhqm5w6jvFxmVenXKIzRqTAAsbBPT3kWQeGANj3jGgvcvv4yK6SxqYmikgw==",
      "license": "Apache-2.0"
    },
    "node_modules/jsondiffpatch": {
      "version": "0.6.2",
      "resolved": "https://registry.npmjs.org/jsondiffpatch/-/jsondiffpatch-0.6.2.tgz",
      "integrity": "sha512-c4RkbPb6RXWjkhirwcKK87PuZCITdGRN1usrW4pXKEkwp7Gqf+0pSwQHoh/LtlYNHcxzoF6kok2/EFe6KL0qqQ==",
      "license": "MIT",
      "dependencies": {
        "@types/diff-match-patch": "^1.0.36",
        "diff-match-patch": "^1.0.5"
      },
      "bin": {
        "jsondiffpatch": "bin/jsondiffpatch.js"
      },
      "engines": {
        "node": "^18.0.0 || >=20.0.0"
      }
    },
    "node_modules/lz-string": {
      "version": "1.5.0",
      "resolved": "https://registry.npmjs.org/lz-string/-/lz-string-1.5.0.tgz",
      "integrity": "sha512-h5bgJWpxJNswbU7qCrV0tIKQCaS3blPDrqKWx+QxzuzL1zGUzij9XCWLrSLsJPu5t+eWA/ycetzYAO5IOMcWAQ==",
      "license": "MIT",
      "bin": {
        "lz-string": "bin/bin.js"
      }
    },
    "node_modules/rpgmaker-mv-crypt": {
      "version": "0.1.1",
      "resolved": "https://registry.npmjs.org/rpgmaker-mv-crypt/-/rpgmaker-mv-crypt-0.1.1.tgz",
      "integrity": "sha512-WkDX/8G5f6nqCYQPipSSqZNBDKwpYUwPAlWNln8+NYVx4Nysoa0vC14NwzikruzG9pdAYMgEEPOFn/6GJS2C0A==",
      "license": "MIT"
    },
    "node_modules/undici-types": {
      "version": "6.21.0",
      "resolved": "https://registry.npmjs.org/undici-types/-/undici-types-6.21.0.tgz",
      "integrity": "sha512-iwDZqg0QAGrg9Rav5H4n0M64c3mkR59cJ6wQp+7C4nI0gsmExaedaYLNO44eT4AtBBwjbTiGPMlt2Md0T9H9JQ==",
      "dev": true,
      "license": "MIT"
    }
  }
}
